<Solution>
  <Folder Name="/lib/">
    <Project Path="lib/TileHelper/TileHelper.csproj" />
  </Folder>

  <Folder Name="/lib/daybreak-mod/">
    <Project Path="lib/daybreak-mod/src/Daybreak.CodeAnalysis/Daybreak.CodeAnalysis.csproj" />
    <Project Path="lib/daybreak-mod/src/Daybreak.SourceGen/Daybreak.SourceGen.csproj" />
    <Project Path="lib/daybreak-mod/src/Daybreak/Daybreak.csproj" />
  </Folder>

  <Project Path="src/SpaceEventMod/SpaceEventMod.csproj" />
  <Project Path="src/WorldGenSandbox/WorldGenSandbox.csproj" />
</Solution>